<?xml version="1.0" encoding="UTF-8" standalone="yes" ?>
<CodeBlocks_project_file>
	<FileVersion major="1" minor="6" />
	<Project>
		<Option title="aurre" />
		<Option pch_mode="2" />
		<Option compiler="gcc" />
		<Build>
			<Target title="Debug">
				<Option output="bin/Debug/aurre" prefix_auto="1" extension_auto="1" />
				<Option object_output="obj/Debug/" />
				<Option type="1" />
				<Option compiler="gcc" />
				<Compiler>
					<Add option="-g" />
				</Compiler>
			</Target>
			<Target title="Release">
				<Option output="bin/Release/aurre" prefix_auto="1" extension_auto="1" />
				<Option object_output="obj/Release/" />
				<Option type="1" />
				<Option compiler="gcc" />
				<Compiler>
					<Add option="-O2" />
				</Compiler>
				<Linker>
					<Add option="-s" />
				</Linker>
			</Target>
		</Build>
		<Compiler>
			<Add option="-Wall" />
			<Add option="-std=c++11" />
		</Compiler>
		<Unit filename="../erkideak/FourTrans.cpp" />
		<Unit filename="../erkideak/FourTrans.h" />
		<Unit filename="../erkideak/ObjektuPuntu.cpp" />
		<Unit filename="../erkideak/ObjektuPuntu.h" />
		<Unit filename="../erkideak/elasserie.cpp" />
		<Unit filename="../erkideak/elasserie.h" />
		<Unit filename="../erkideak/eragiketak.cpp" />
		<Unit filename="../erkideak/eragiketak.h" />
		<Unit filename="../erkideak/ffinserie.cpp" />
		<Unit filename="../erkideak/ffinserie.h" />
		<Unit filename="../erkideak/finfserie.cpp" />
		<Unit filename="../erkideak/finfserie.h" />
		<Unit filename="../erkideak/oskoserie.cpp" />
		<Unit filename="../erkideak/oskoserie.h" />
		<Unit filename="../scattering/neumann.cpp" />
		<Unit filename="aurre.cpp" />
		<Unit filename="craig.h" />
		<Unit filename="doiketa.cpp" />
		<Unit filename="doiketa.h" />
		<Unit filename="kaminlu.cpp" />
		<Unit filename="kaminlu.h" />
		<Unit filename="pcgnorm.h" />
		<Unit filename="siskalk.cpp" />
		<Unit filename="siskalk.h" />
		<Extensions>
			<code_completion />
			<envvars />
			<debugger />
			<lib_finder disable_auto="1" />
		</Extensions>
	</Project>
</CodeBlocks_project_file>
